// !$*UTF8*$!
{
	archiveVersion = 1;
	classes = {
	};
	objectVersion = 46;
	objects = {

/* Begin PBXBuildFile section */
		7C0EE60D177A48AE00D2B347 /* MyItemsController.m in Sources */ = {isa = PBXBuildFile; fileRef = 7C0EE60C177A48AE00D2B347 /* MyItemsController.m */; };
		7C0EE611177A521D00D2B347 /* TitleBarView.m in Sources */ = {isa = PBXBuildFile; fileRef = 7C0EE610177A521D00D2B347 /* TitleBarView.m */; };
		7C0EE615177A569900D2B347 /* titlebar_logo.png in Resources */ = {isa = PBXBuildFile; fileRef = 7C0EE613177A569900D2B347 /* titlebar_logo.png */; };
		7C0EE616177A569900D2B347 /* titlebar_logo@2x.png in Resources */ = {isa = PBXBuildFile; fileRef = 7C0EE614177A569900D2B347 /* titlebar_logo@2x.png */; };
		7C0EE61B177A8B2400D2B347 /* NVSlideMenuController.m in Sources */ = {isa = PBXBuildFile; fileRef = 7C0EE61A177A8B2400D2B347 /* NVSlideMenuController.m */; };
		7C0EE61E177A8E8900D2B347 /* icon_menu.png in Resources */ = {isa = PBXBuildFile; fileRef = 7C0EE61C177A8E8900D2B347 /* icon_menu.png */; };
		7C0EE61F177A8E8900D2B347 /* icon_menu@2x.png in Resources */ = {isa = PBXBuildFile; fileRef = 7C0EE61D177A8E8900D2B347 /* icon_menu@2x.png */; };
		7C0EE622177A8ECB00D2B347 /* icon_menu_highlighted.png in Resources */ = {isa = PBXBuildFile; fileRef = 7C0EE620177A8ECB00D2B347 /* icon_menu_highlighted.png */; };
		7C0EE623177A8ECB00D2B347 /* icon_menu_highlighted@2x.png in Resources */ = {isa = PBXBuildFile; fileRef = 7C0EE621177A8ECB00D2B347 /* icon_menu_highlighted@2x.png */; };
		7C0EE627177A9B0000D2B347 /* MenuController.m in Sources */ = {isa = PBXBuildFile; fileRef = 7C0EE626177A9B0000D2B347 /* MenuController.m */; };
		7C268703177AA06500BE2A54 /* icon_signout.png in Resources */ = {isa = PBXBuildFile; fileRef = 7C268701177AA06500BE2A54 /* icon_signout.png */; };
		7C268704177AA06500BE2A54 /* icon_signout@2x.png in Resources */ = {isa = PBXBuildFile; fileRef = 7C268702177AA06500BE2A54 /* icon_signout@2x.png */; };
		7C5F43AB177258FD00350E2D /* iphone_icon.png in Resources */ = {isa = PBXBuildFile; fileRef = 7C5F43AA177258FD00350E2D /* iphone_icon.png */; };
		7C5F43AD1772590200350E2D /* iphone_icon@2x.png in Resources */ = {isa = PBXBuildFile; fileRef = 7C5F43AC1772590200350E2D /* iphone_icon@2x.png */; };
		7C5F43B11772636100350E2D /* FriendsItemsController.m in Sources */ = {isa = PBXBuildFile; fileRef = 7C5F43B01772636100350E2D /* FriendsItemsController.m */; };
		7C5F43B5177267D700350E2D /* ItemCell.m in Sources */ = {isa = PBXBuildFile; fileRef = 7C5F43B4177267D700350E2D /* ItemCell.m */; };
		7C5F43B91772691300350E2D /* Item.m in Sources */ = {isa = PBXBuildFile; fileRef = 7C5F43B81772691300350E2D /* Item.m */; };
		7C5F43BD1772692C00350E2D /* User.m in Sources */ = {isa = PBXBuildFile; fileRef = 7C5F43BC1772692C00350E2D /* User.m */; };
		7C5F43C51773D71300350E2D /* DibsClient.m in Sources */ = {isa = PBXBuildFile; fileRef = 7C5F43C41773D71300350E2D /* DibsClient.m */; };
		7C5F43C71773D7CD00350E2D /* SystemConfiguration.framework in Frameworks */ = {isa = PBXBuildFile; fileRef = 7C5F43C61773D7CD00350E2D /* SystemConfiguration.framework */; };
		7C5F43C91773D83E00350E2D /* MobileCoreServices.framework in Frameworks */ = {isa = PBXBuildFile; fileRef = 7C5F43C81773D83E00350E2D /* MobileCoreServices.framework */; };
		7C621B601770F493007ADEA2 /* Amaranth-Bold.ttf in Resources */ = {isa = PBXBuildFile; fileRef = 7C621B5E1770F493007ADEA2 /* Amaranth-Bold.ttf */; };
		7C621B611770F493007ADEA2 /* Amaranth-Regular.ttf in Resources */ = {isa = PBXBuildFile; fileRef = 7C621B5F1770F493007ADEA2 /* Amaranth-Regular.ttf */; };
		7C8E3A5B177B8CDC00455F95 /* icon_user_menu.png in Resources */ = {isa = PBXBuildFile; fileRef = 7C8E3A59177B8CDC00455F95 /* icon_user_menu.png */; };
		7C8E3A5C177B8CDC00455F95 /* icon_user_menu@2x.png in Resources */ = {isa = PBXBuildFile; fileRef = 7C8E3A5A177B8CDC00455F95 /* icon_user_menu@2x.png */; };
		7C9024C61774B24600179819 /* icon_buy.png in Resources */ = {isa = PBXBuildFile; fileRef = 7C9024BE1774B24600179819 /* icon_buy.png */; };
		7C9024C71774B24600179819 /* icon_buy@2x.png in Resources */ = {isa = PBXBuildFile; fileRef = 7C9024BF1774B24600179819 /* icon_buy@2x.png */; };
		7C9024C81774B24600179819 /* icon_buy_highlighted.png in Resources */ = {isa = PBXBuildFile; fileRef = 7C9024C01774B24600179819 /* icon_buy_highlighted.png */; };
		7C9024C91774B24600179819 /* icon_buy_highlighted@2x.png in Resources */ = {isa = PBXBuildFile; fileRef = 7C9024C11774B24600179819 /* icon_buy_highlighted@2x.png */; };
		7C9024CA1774B24600179819 /* icon_sell.png in Resources */ = {isa = PBXBuildFile; fileRef = 7C9024C21774B24600179819 /* icon_sell.png */; };
		7C9024CB1774B24600179819 /* icon_sell@2x.png in Resources */ = {isa = PBXBuildFile; fileRef = 7C9024C31774B24600179819 /* icon_sell@2x.png */; };
		7C9024CC1774B24600179819 /* icon_sell_highlighted.png in Resources */ = {isa = PBXBuildFile; fileRef = 7C9024C41774B24600179819 /* icon_sell_highlighted.png */; };
		7C9024CD1774B24600179819 /* icon_sell_highlighted@2x.png in Resources */ = {isa = PBXBuildFile; fileRef = 7C9024C51774B24600179819 /* icon_sell_highlighted@2x.png */; };
		7C9024D01774C57F00179819 /* TabButton.m in Sources */ = {isa = PBXBuildFile; fileRef = 7C9024CF1774C57F00179819 /* TabButton.m */; };
		7C986591177E35EC00BCE2B0 /* ContentController.m in Sources */ = {isa = PBXBuildFile; fileRef = 7C986590177E35EC00BCE2B0 /* ContentController.m */; };
		7CD0809F177CCC01007D1F30 /* ItemsController.m in Sources */ = {isa = PBXBuildFile; fileRef = 7CD0809E177CCC01007D1F30 /* ItemsController.m */; };
		7CD080A3177DF421007D1F30 /* ContainerController.m in Sources */ = {isa = PBXBuildFile; fileRef = 7CD080A2177DF421007D1F30 /* ContainerController.m */; };
		999FF7ECA217448D8DC3FD0B /* libPods.a in Frameworks */ = {isa = PBXBuildFile; fileRef = DEF3DA454DF944E59ED06C27 /* libPods.a */; };
		D755E95D175F886400A23FDE /* UserDataStore.m in Sources */ = {isa = PBXBuildFile; fileRef = D755E95C175F886400A23FDE /* UserDataStore.m */; };
		D755E961175FA6CA00A23FDE /* TabBarController.m in Sources */ = {isa = PBXBuildFile; fileRef = D755E960175FA6CA00A23FDE /* TabBarController.m */; };
		D7C4C2A4175E15DE007B65F7 /* UIKit.framework in Frameworks */ = {isa = PBXBuildFile; fileRef = D7C4C2A3175E15DE007B65F7 /* UIKit.framework */; };
		D7C4C2A6175E15DE007B65F7 /* Foundation.framework in Frameworks */ = {isa = PBXBuildFile; fileRef = D7C4C2A5175E15DE007B65F7 /* Foundation.framework */; };
		D7C4C2A8175E15DE007B65F7 /* CoreGraphics.framework in Frameworks */ = {isa = PBXBuildFile; fileRef = D7C4C2A7175E15DE007B65F7 /* CoreGraphics.framework */; };
		D7C4C2D3175E184C007B65F7 /* AppDelegate.m in Sources */ = {isa = PBXBuildFile; fileRef = D7C4C2C3175E184C007B65F7 /* AppDelegate.m */; };
		D7C4C2D4175E184C007B65F7 /* main.m in Sources */ = {isa = PBXBuildFile; fileRef = D7C4C2C4175E184C007B65F7 /* main.m */; };
		D7C4C2D5175E184C007B65F7 /* Default-568h@2x.png in Resources */ = {isa = PBXBuildFile; fileRef = D7C4C2CD175E184C007B65F7 /* Default-568h@2x.png */; };
		D7C4C2D6175E184C007B65F7 /* Default.png in Resources */ = {isa = PBXBuildFile; fileRef = D7C4C2CE175E184C007B65F7 /* Default.png */; };
		D7C4C2D7175E184C007B65F7 /* Default@2x.png in Resources */ = {isa = PBXBuildFile; fileRef = D7C4C2CF175E184C007B65F7 /* Default@2x.png */; };
		D7C4C2D8175E184C007B65F7 /* InfoPlist.strings in Resources */ = {isa = PBXBuildFile; fileRef = D7C4C2D1175E184C007B65F7 /* InfoPlist.strings */; };
		D7C4C2E1175E2EAE007B65F7 /* LaunchController.m in Sources */ = {isa = PBXBuildFile; fileRef = D7C4C2E0175E2EAE007B65F7 /* LaunchController.m */; };
		D7C4C2E4175E2FEC007B65F7 /* Localizable.strings in Resources */ = {isa = PBXBuildFile; fileRef = D7C4C2E3175E2FEC007B65F7 /* Localizable.strings */; };
		D7C4C2E7175E31CD007B65F7 /* UIView+Constraints.m in Sources */ = {isa = PBXBuildFile; fileRef = D7C4C2E6175E31CD007B65F7 /* UIView+Constraints.m */; };
		D7C4C2F0175E544E007B65F7 /* PXEngine.framework in Frameworks */ = {isa = PBXBuildFile; fileRef = D7C4C2EF175E544E007B65F7 /* PXEngine.framework */; };
		D7C4C2F5175E560F007B65F7 /* Environment.m in Sources */ = {isa = PBXBuildFile; fileRef = D7C4C2F4175E560F007B65F7 /* Environment.m */; };
		D7C4C2F7175E59E6007B65F7 /* Environments.plist in Resources */ = {isa = PBXBuildFile; fileRef = D7C4C2F6175E59E6007B65F7 /* Environments.plist */; };
		D7C4C2FA175E5B78007B65F7 /* default.css in Resources */ = {isa = PBXBuildFile; fileRef = D7C4C2F9175E5B78007B65F7 /* default.css */; };
		D7CDA6E4175FC6EA000D280A /* TabView.m in Sources */ = {isa = PBXBuildFile; fileRef = D7CDA6E3175FC6EA000D280A /* TabView.m */; };
		D7CDA6E81760C52D000D280A /* QuartzCore.framework in Frameworks */ = {isa = PBXBuildFile; fileRef = D7CDA6E71760C52D000D280A /* QuartzCore.framework */; };
		D7CDA6EE17622284000D280A /* icon_f.png in Resources */ = {isa = PBXBuildFile; fileRef = D7CDA6EA17622284000D280A /* icon_f.png */; };
		D7CDA6EF17622284000D280A /* icon_f@2x.png in Resources */ = {isa = PBXBuildFile; fileRef = D7CDA6EB17622284000D280A /* icon_f@2x.png */; };
		D7CDA6F017622284000D280A /* logo_full.png in Resources */ = {isa = PBXBuildFile; fileRef = D7CDA6EC17622284000D280A /* logo_full.png */; };
		D7CDA6F117622284000D280A /* logo_full@2x.png in Resources */ = {isa = PBXBuildFile; fileRef = D7CDA6ED17622284000D280A /* logo_full@2x.png */; };
		D7CDA6F5176222EA000D280A /* LaunchView.m in Sources */ = {isa = PBXBuildFile; fileRef = D7CDA6F4176222EA000D280A /* LaunchView.m */; };
/* End PBXBuildFile section */

/* Begin PBXFileReference section */
		78E2A6D81FFC403CAAA0A994 /* Pods.xcconfig */ = {isa = PBXFileReference; includeInIndex = 1; lastKnownFileType = text.xcconfig; name = Pods.xcconfig; path = Pods/Pods.xcconfig; sourceTree = SOURCE_ROOT; };
		7C0EE60B177A48AE00D2B347 /* MyItemsController.h */ = {isa = PBXFileReference; fileEncoding = 4; lastKnownFileType = sourcecode.c.h; path = MyItemsController.h; sourceTree = "<group>"; };
		7C0EE60C177A48AE00D2B347 /* MyItemsController.m */ = {isa = PBXFileReference; fileEncoding = 4; lastKnownFileType = sourcecode.c.objc; path = MyItemsController.m; sourceTree = "<group>"; };
		7C0EE60F177A521D00D2B347 /* TitleBarView.h */ = {isa = PBXFileReference; fileEncoding = 4; lastKnownFileType = sourcecode.c.h; path = TitleBarView.h; sourceTree = "<group>"; };
		7C0EE610177A521D00D2B347 /* TitleBarView.m */ = {isa = PBXFileReference; fileEncoding = 4; lastKnownFileType = sourcecode.c.objc; path = TitleBarView.m; sourceTree = "<group>"; };
		7C0EE613177A569900D2B347 /* titlebar_logo.png */ = {isa = PBXFileReference; lastKnownFileType = image.png; path = titlebar_logo.png; sourceTree = "<group>"; };
		7C0EE614177A569900D2B347 /* titlebar_logo@2x.png */ = {isa = PBXFileReference; lastKnownFileType = image.png; path = "titlebar_logo@2x.png"; sourceTree = "<group>"; };
		7C0EE619177A8B2400D2B347 /* NVSlideMenuController.h */ = {isa = PBXFileReference; fileEncoding = 4; lastKnownFileType = sourcecode.c.h; path = NVSlideMenuController.h; sourceTree = "<group>"; };
		7C0EE61A177A8B2400D2B347 /* NVSlideMenuController.m */ = {isa = PBXFileReference; fileEncoding = 4; lastKnownFileType = sourcecode.c.objc; path = NVSlideMenuController.m; sourceTree = "<group>"; };
		7C0EE61C177A8E8900D2B347 /* icon_menu.png */ = {isa = PBXFileReference; lastKnownFileType = image.png; path = icon_menu.png; sourceTree = "<group>"; };
		7C0EE61D177A8E8900D2B347 /* icon_menu@2x.png */ = {isa = PBXFileReference; lastKnownFileType = image.png; path = "icon_menu@2x.png"; sourceTree = "<group>"; };
		7C0EE620177A8ECB00D2B347 /* icon_menu_highlighted.png */ = {isa = PBXFileReference; lastKnownFileType = image.png; path = icon_menu_highlighted.png; sourceTree = "<group>"; };
		7C0EE621177A8ECB00D2B347 /* icon_menu_highlighted@2x.png */ = {isa = PBXFileReference; lastKnownFileType = image.png; path = "icon_menu_highlighted@2x.png"; sourceTree = "<group>"; };
		7C0EE625177A9B0000D2B347 /* MenuController.h */ = {isa = PBXFileReference; fileEncoding = 4; lastKnownFileType = sourcecode.c.h; path = MenuController.h; sourceTree = "<group>"; };
		7C0EE626177A9B0000D2B347 /* MenuController.m */ = {isa = PBXFileReference; fileEncoding = 4; lastKnownFileType = sourcecode.c.objc; path = MenuController.m; sourceTree = "<group>"; };
		7C268701177AA06500BE2A54 /* icon_signout.png */ = {isa = PBXFileReference; lastKnownFileType = image.png; path = icon_signout.png; sourceTree = "<group>"; };
		7C268702177AA06500BE2A54 /* icon_signout@2x.png */ = {isa = PBXFileReference; lastKnownFileType = image.png; path = "icon_signout@2x.png"; sourceTree = "<group>"; };
		7C5F43AA177258FD00350E2D /* iphone_icon.png */ = {isa = PBXFileReference; lastKnownFileType = image.png; path = iphone_icon.png; sourceTree = "<group>"; };
		7C5F43AC1772590200350E2D /* iphone_icon@2x.png */ = {isa = PBXFileReference; lastKnownFileType = image.png; path = "iphone_icon@2x.png"; sourceTree = "<group>"; };
		7C5F43AF1772636100350E2D /* FriendsItemsController.h */ = {isa = PBXFileReference; fileEncoding = 4; lastKnownFileType = sourcecode.c.h; path = FriendsItemsController.h; sourceTree = "<group>"; };
		7C5F43B01772636100350E2D /* FriendsItemsController.m */ = {isa = PBXFileReference; fileEncoding = 4; lastKnownFileType = sourcecode.c.objc; path = FriendsItemsController.m; sourceTree = "<group>"; };
		7C5F43B3177267D700350E2D /* ItemCell.h */ = {isa = PBXFileReference; fileEncoding = 4; lastKnownFileType = sourcecode.c.h; path = ItemCell.h; sourceTree = "<group>"; };
		7C5F43B4177267D700350E2D /* ItemCell.m */ = {isa = PBXFileReference; fileEncoding = 4; lastKnownFileType = sourcecode.c.objc; path = ItemCell.m; sourceTree = "<group>"; };
		7C5F43B71772691300350E2D /* Item.h */ = {isa = PBXFileReference; fileEncoding = 4; lastKnownFileType = sourcecode.c.h; name = Item.h; path = Item/Item.h; sourceTree = SOURCE_ROOT; };
		7C5F43B81772691300350E2D /* Item.m */ = {isa = PBXFileReference; fileEncoding = 4; lastKnownFileType = sourcecode.c.objc; name = Item.m; path = Item/Item.m; sourceTree = SOURCE_ROOT; };
		7C5F43BB1772692B00350E2D /* User.h */ = {isa = PBXFileReference; fileEncoding = 4; lastKnownFileType = sourcecode.c.h; name = User.h; path = User/User.h; sourceTree = SOURCE_ROOT; };
		7C5F43BC1772692C00350E2D /* User.m */ = {isa = PBXFileReference; fileEncoding = 4; lastKnownFileType = sourcecode.c.objc; name = User.m; path = User/User.m; sourceTree = SOURCE_ROOT; };
		7C5F43C31773D71300350E2D /* DibsClient.h */ = {isa = PBXFileReference; fileEncoding = 4; lastKnownFileType = sourcecode.c.h; path = DibsClient.h; sourceTree = "<group>"; };
		7C5F43C41773D71300350E2D /* DibsClient.m */ = {isa = PBXFileReference; fileEncoding = 4; lastKnownFileType = sourcecode.c.objc; path = DibsClient.m; sourceTree = "<group>"; };
		7C5F43C61773D7CD00350E2D /* SystemConfiguration.framework */ = {isa = PBXFileReference; lastKnownFileType = wrapper.framework; name = SystemConfiguration.framework; path = System/Library/Frameworks/SystemConfiguration.framework; sourceTree = SDKROOT; };
		7C5F43C81773D83E00350E2D /* MobileCoreServices.framework */ = {isa = PBXFileReference; lastKnownFileType = wrapper.framework; name = MobileCoreServices.framework; path = System/Library/Frameworks/MobileCoreServices.framework; sourceTree = SDKROOT; };
		7C621B5E1770F493007ADEA2 /* Amaranth-Bold.ttf */ = {isa = PBXFileReference; lastKnownFileType = file; path = "Amaranth-Bold.ttf"; sourceTree = "<group>"; };
		7C621B5F1770F493007ADEA2 /* Amaranth-Regular.ttf */ = {isa = PBXFileReference; lastKnownFileType = file; path = "Amaranth-Regular.ttf"; sourceTree = "<group>"; };
		7C8E3A59177B8CDC00455F95 /* icon_user_menu.png */ = {isa = PBXFileReference; lastKnownFileType = image.png; path = icon_user_menu.png; sourceTree = "<group>"; };
		7C8E3A5A177B8CDC00455F95 /* icon_user_menu@2x.png */ = {isa = PBXFileReference; lastKnownFileType = image.png; path = "icon_user_menu@2x.png"; sourceTree = "<group>"; };
		7C9024BE1774B24600179819 /* icon_buy.png */ = {isa = PBXFileReference; lastKnownFileType = image.png; name = icon_buy.png; path = Assets/ui/ios/icon_buy.png; sourceTree = SOURCE_ROOT; };
		7C9024BF1774B24600179819 /* icon_buy@2x.png */ = {isa = PBXFileReference; lastKnownFileType = image.png; name = "icon_buy@2x.png"; path = "Assets/ui/ios/icon_buy@2x.png"; sourceTree = SOURCE_ROOT; };
		7C9024C01774B24600179819 /* icon_buy_highlighted.png */ = {isa = PBXFileReference; lastKnownFileType = image.png; name = icon_buy_highlighted.png; path = Assets/ui/ios/icon_buy_highlighted.png; sourceTree = SOURCE_ROOT; };
		7C9024C11774B24600179819 /* icon_buy_highlighted@2x.png */ = {isa = PBXFileReference; lastKnownFileType = image.png; name = "icon_buy_highlighted@2x.png"; path = "Assets/ui/ios/icon_buy_highlighted@2x.png"; sourceTree = SOURCE_ROOT; };
		7C9024C21774B24600179819 /* icon_sell.png */ = {isa = PBXFileReference; lastKnownFileType = image.png; name = icon_sell.png; path = Assets/ui/ios/icon_sell.png; sourceTree = SOURCE_ROOT; };
		7C9024C31774B24600179819 /* icon_sell@2x.png */ = {isa = PBXFileReference; lastKnownFileType = image.png; name = "icon_sell@2x.png"; path = "Assets/ui/ios/icon_sell@2x.png"; sourceTree = SOURCE_ROOT; };
		7C9024C41774B24600179819 /* icon_sell_highlighted.png */ = {isa = PBXFileReference; lastKnownFileType = image.png; name = icon_sell_highlighted.png; path = Assets/ui/ios/icon_sell_highlighted.png; sourceTree = SOURCE_ROOT; };
		7C9024C51774B24600179819 /* icon_sell_highlighted@2x.png */ = {isa = PBXFileReference; lastKnownFileType = image.png; name = "icon_sell_highlighted@2x.png"; path = "Assets/ui/ios/icon_sell_highlighted@2x.png"; sourceTree = SOURCE_ROOT; };
		7C9024CE1774C57F00179819 /* TabButton.h */ = {isa = PBXFileReference; fileEncoding = 4; lastKnownFileType = sourcecode.c.h; path = TabButton.h; sourceTree = "<group>"; };
		7C9024CF1774C57F00179819 /* TabButton.m */ = {isa = PBXFileReference; fileEncoding = 4; lastKnownFileType = sourcecode.c.objc; path = TabButton.m; sourceTree = "<group>"; };
		7C98658F177E35EC00BCE2B0 /* ContentController.h */ = {isa = PBXFileReference; fileEncoding = 4; lastKnownFileType = sourcecode.c.h; path = ContentController.h; sourceTree = "<group>"; };
		7C986590177E35EC00BCE2B0 /* ContentController.m */ = {isa = PBXFileReference; fileEncoding = 4; lastKnownFileType = sourcecode.c.objc; path = ContentController.m; sourceTree = "<group>"; };
		7CD0809D177CCC01007D1F30 /* ItemsController.h */ = {isa = PBXFileReference; fileEncoding = 4; lastKnownFileType = sourcecode.c.h; path = ItemsController.h; sourceTree = "<group>"; };
		7CD0809E177CCC01007D1F30 /* ItemsController.m */ = {isa = PBXFileReference; fileEncoding = 4; lastKnownFileType = sourcecode.c.objc; path = ItemsController.m; sourceTree = "<group>"; };
		7CD080A1177DF421007D1F30 /* ContainerController.h */ = {isa = PBXFileReference; fileEncoding = 4; lastKnownFileType = sourcecode.c.h; path = ContainerController.h; sourceTree = "<group>"; };
		7CD080A2177DF421007D1F30 /* ContainerController.m */ = {isa = PBXFileReference; fileEncoding = 4; lastKnownFileType = sourcecode.c.objc; path = ContainerController.m; sourceTree = "<group>"; };
		D755E95B175F886400A23FDE /* UserDataStore.h */ = {isa = PBXFileReference; fileEncoding = 4; lastKnownFileType = sourcecode.c.h; path = UserDataStore.h; sourceTree = "<group>"; };
		D755E95C175F886400A23FDE /* UserDataStore.m */ = {isa = PBXFileReference; fileEncoding = 4; lastKnownFileType = sourcecode.c.objc; path = UserDataStore.m; sourceTree = "<group>"; };
		D755E95F175FA6CA00A23FDE /* TabBarController.h */ = {isa = PBXFileReference; fileEncoding = 4; lastKnownFileType = sourcecode.c.h; path = TabBarController.h; sourceTree = "<group>"; };
		D755E960175FA6CA00A23FDE /* TabBarController.m */ = {isa = PBXFileReference; fileEncoding = 4; lastKnownFileType = sourcecode.c.objc; path = TabBarController.m; sourceTree = "<group>"; };
		D7C4C2A0175E15DE007B65F7 /* Dibs.app */ = {isa = PBXFileReference; explicitFileType = wrapper.application; includeInIndex = 0; path = Dibs.app; sourceTree = BUILT_PRODUCTS_DIR; };
		D7C4C2A3175E15DE007B65F7 /* UIKit.framework */ = {isa = PBXFileReference; lastKnownFileType = wrapper.framework; name = UIKit.framework; path = System/Library/Frameworks/UIKit.framework; sourceTree = SDKROOT; };
		D7C4C2A5175E15DE007B65F7 /* Foundation.framework */ = {isa = PBXFileReference; lastKnownFileType = wrapper.framework; name = Foundation.framework; path = System/Library/Frameworks/Foundation.framework; sourceTree = SDKROOT; };
		D7C4C2A7175E15DE007B65F7 /* CoreGraphics.framework */ = {isa = PBXFileReference; lastKnownFileType = wrapper.framework; name = CoreGraphics.framework; path = System/Library/Frameworks/CoreGraphics.framework; sourceTree = SDKROOT; };
		D7C4C2C2175E184C007B65F7 /* AppDelegate.h */ = {isa = PBXFileReference; fileEncoding = 4; lastKnownFileType = sourcecode.c.h; path = AppDelegate.h; sourceTree = "<group>"; };
		D7C4C2C3175E184C007B65F7 /* AppDelegate.m */ = {isa = PBXFileReference; fileEncoding = 4; lastKnownFileType = sourcecode.c.objc; path = AppDelegate.m; sourceTree = "<group>"; };
		D7C4C2C4175E184C007B65F7 /* main.m */ = {isa = PBXFileReference; fileEncoding = 4; lastKnownFileType = sourcecode.c.objc; path = main.m; sourceTree = "<group>"; };
		D7C4C2CD175E184C007B65F7 /* Default-568h@2x.png */ = {isa = PBXFileReference; lastKnownFileType = image.png; path = "Default-568h@2x.png"; sourceTree = "<group>"; };
		D7C4C2CE175E184C007B65F7 /* Default.png */ = {isa = PBXFileReference; lastKnownFileType = image.png; path = Default.png; sourceTree = "<group>"; };
		D7C4C2CF175E184C007B65F7 /* Default@2x.png */ = {isa = PBXFileReference; lastKnownFileType = image.png; path = "Default@2x.png"; sourceTree = "<group>"; };
		D7C4C2D2175E184C007B65F7 /* en */ = {isa = PBXFileReference; lastKnownFileType = text.plist.strings; name = en; path = en.lproj/InfoPlist.strings; sourceTree = "<group>"; };
		D7C4C2DC175E18EA007B65F7 /* Dibs-Info.plist */ = {isa = PBXFileReference; fileEncoding = 4; lastKnownFileType = text.plist.xml; path = "Dibs-Info.plist"; sourceTree = "<group>"; };
		D7C4C2DD175E18EA007B65F7 /* Dibs-Prefix.pch */ = {isa = PBXFileReference; fileEncoding = 4; lastKnownFileType = sourcecode.c.h; path = "Dibs-Prefix.pch"; sourceTree = "<group>"; };
		D7C4C2DF175E2EAE007B65F7 /* LaunchController.h */ = {isa = PBXFileReference; fileEncoding = 4; lastKnownFileType = sourcecode.c.h; path = LaunchController.h; sourceTree = "<group>"; };
		D7C4C2E0175E2EAE007B65F7 /* LaunchController.m */ = {isa = PBXFileReference; fileEncoding = 4; lastKnownFileType = sourcecode.c.objc; path = LaunchController.m; sourceTree = "<group>"; };
		D7C4C2E3175E2FEC007B65F7 /* Localizable.strings */ = {isa = PBXFileReference; fileEncoding = 4; lastKnownFileType = text.plist.strings; path = Localizable.strings; sourceTree = "<group>"; };
		D7C4C2E5175E31CD007B65F7 /* UIView+Constraints.h */ = {isa = PBXFileReference; fileEncoding = 4; lastKnownFileType = sourcecode.c.h; path = "UIView+Constraints.h"; sourceTree = "<group>"; };
		D7C4C2E6175E31CD007B65F7 /* UIView+Constraints.m */ = {isa = PBXFileReference; fileEncoding = 4; lastKnownFileType = sourcecode.c.objc; path = "UIView+Constraints.m"; sourceTree = "<group>"; };
		D7C4C2EF175E544E007B65F7 /* PXEngine.framework */ = {isa = PBXFileReference; lastKnownFileType = wrapper.framework; path = PXEngine.framework; sourceTree = "<group>"; };
		D7C4C2F3175E560F007B65F7 /* Environment.h */ = {isa = PBXFileReference; fileEncoding = 4; lastKnownFileType = sourcecode.c.h; path = Environment.h; sourceTree = "<group>"; };
		D7C4C2F4175E560F007B65F7 /* Environment.m */ = {isa = PBXFileReference; fileEncoding = 4; lastKnownFileType = sourcecode.c.objc; path = Environment.m; sourceTree = "<group>"; };
		D7C4C2F6175E59E6007B65F7 /* Environments.plist */ = {isa = PBXFileReference; fileEncoding = 4; lastKnownFileType = text.plist.xml; path = Environments.plist; sourceTree = "<group>"; };
		D7C4C2F9175E5B78007B65F7 /* default.css */ = {isa = PBXFileReference; fileEncoding = 4; lastKnownFileType = text.css; path = default.css; sourceTree = "<group>"; };
		D7C4C2FD175E607E007B65F7 /* NotificationKonstants.h */ = {isa = PBXFileReference; lastKnownFileType = sourcecode.c.h; path = NotificationKonstants.h; sourceTree = "<group>"; };
		D7CDA6E2175FC6EA000D280A /* TabView.h */ = {isa = PBXFileReference; fileEncoding = 4; lastKnownFileType = sourcecode.c.h; path = TabView.h; sourceTree = "<group>"; };
		D7CDA6E3175FC6EA000D280A /* TabView.m */ = {isa = PBXFileReference; fileEncoding = 4; lastKnownFileType = sourcecode.c.objc; path = TabView.m; sourceTree = "<group>"; };
		D7CDA6E6175FC7C7000D280A /* TabViewDelegate.h */ = {isa = PBXFileReference; fileEncoding = 4; lastKnownFileType = sourcecode.c.h; path = TabViewDelegate.h; sourceTree = "<group>"; };
		D7CDA6E71760C52D000D280A /* QuartzCore.framework */ = {isa = PBXFileReference; lastKnownFileType = wrapper.framework; name = QuartzCore.framework; path = System/Library/Frameworks/QuartzCore.framework; sourceTree = SDKROOT; };
		D7CDA6EA17622284000D280A /* icon_f.png */ = {isa = PBXFileReference; lastKnownFileType = image.png; name = icon_f.png; path = ui/ios/icon_f.png; sourceTree = "<group>"; };
		D7CDA6EB17622284000D280A /* icon_f@2x.png */ = {isa = PBXFileReference; lastKnownFileType = image.png; name = "icon_f@2x.png"; path = "ui/ios/icon_f@2x.png"; sourceTree = "<group>"; };
		D7CDA6EC17622284000D280A /* logo_full.png */ = {isa = PBXFileReference; lastKnownFileType = image.png; name = logo_full.png; path = ui/ios/logo_full.png; sourceTree = "<group>"; };
		D7CDA6ED17622284000D280A /* logo_full@2x.png */ = {isa = PBXFileReference; lastKnownFileType = image.png; name = "logo_full@2x.png"; path = "ui/ios/logo_full@2x.png"; sourceTree = "<group>"; };
		D7CDA6F3176222EA000D280A /* LaunchView.h */ = {isa = PBXFileReference; fileEncoding = 4; lastKnownFileType = sourcecode.c.h; path = LaunchView.h; sourceTree = "<group>"; };
		D7CDA6F4176222EA000D280A /* LaunchView.m */ = {isa = PBXFileReference; fileEncoding = 4; lastKnownFileType = sourcecode.c.objc; path = LaunchView.m; sourceTree = "<group>"; };
		DEF3DA454DF944E59ED06C27 /* libPods.a */ = {isa = PBXFileReference; explicitFileType = archive.ar; includeInIndex = 0; path = libPods.a; sourceTree = BUILT_PRODUCTS_DIR; };
/* End PBXFileReference section */

/* Begin PBXFrameworksBuildPhase section */
		D7C4C29D175E15DE007B65F7 /* Frameworks */ = {
			isa = PBXFrameworksBuildPhase;
			buildActionMask = 2147483647;
			files = (
				7C5F43C91773D83E00350E2D /* MobileCoreServices.framework in Frameworks */,
				7C5F43C71773D7CD00350E2D /* SystemConfiguration.framework in Frameworks */,
				D7CDA6E81760C52D000D280A /* QuartzCore.framework in Frameworks */,
				D7C4C2A4175E15DE007B65F7 /* UIKit.framework in Frameworks */,
				D7C4C2A6175E15DE007B65F7 /* Foundation.framework in Frameworks */,
				D7C4C2A8175E15DE007B65F7 /* CoreGraphics.framework in Frameworks */,
				999FF7ECA217448D8DC3FD0B /* libPods.a in Frameworks */,
				D7C4C2F0175E544E007B65F7 /* PXEngine.framework in Frameworks */,
			);
			runOnlyForDeploymentPostprocessing = 0;
		};
/* End PBXFrameworksBuildPhase section */

/* Begin PBXGroup section */
		7C0EE60A177A482200D2B347 /* MyItems */ = {
			isa = PBXGroup;
			children = (
				7C0EE60B177A48AE00D2B347 /* MyItemsController.h */,
				7C0EE60C177A48AE00D2B347 /* MyItemsController.m */,
			);
			path = MyItems;
			sourceTree = "<group>";
		};
		7C0EE60E177A51F000D2B347 /* TitleBar */ = {
			isa = PBXGroup;
			children = (
				7C0EE60F177A521D00D2B347 /* TitleBarView.h */,
				7C0EE610177A521D00D2B347 /* TitleBarView.m */,
			);
			path = TitleBar;
			sourceTree = "<group>";
		};
		7C0EE612177A566100D2B347 /* TitleBar */ = {
			isa = PBXGroup;
			children = (
				7C0EE61C177A8E8900D2B347 /* icon_menu.png */,
				7C0EE61D177A8E8900D2B347 /* icon_menu@2x.png */,
				7C0EE620177A8ECB00D2B347 /* icon_menu_highlighted.png */,
				7C0EE621177A8ECB00D2B347 /* icon_menu_highlighted@2x.png */,
				7C0EE613177A569900D2B347 /* titlebar_logo.png */,
				7C0EE614177A569900D2B347 /* titlebar_logo@2x.png */,
			);
			path = TitleBar;
			sourceTree = "<group>";
		};
		7C0EE617177A8A3100D2B347 /* External */ = {
			isa = PBXGroup;
			children = (
				7C0EE618177A8B2400D2B347 /* NVSlideMenuController */,
			);
			path = External;
			sourceTree = "<group>";
		};
		7C0EE618177A8B2400D2B347 /* NVSlideMenuController */ = {
			isa = PBXGroup;
			children = (
				7C0EE619177A8B2400D2B347 /* NVSlideMenuController.h */,
				7C0EE61A177A8B2400D2B347 /* NVSlideMenuController.m */,
			);
			path = NVSlideMenuController;
			sourceTree = "<group>";
		};
		7C0EE624177A9A3700D2B347 /* Menu */ = {
			isa = PBXGroup;
			children = (
				7C0EE625177A9B0000D2B347 /* MenuController.h */,
				7C0EE626177A9B0000D2B347 /* MenuController.m */,
			);
			path = Menu;
			sourceTree = "<group>";
		};
		7C268700177AA02700BE2A54 /* Menu */ = {
			isa = PBXGroup;
			children = (
				7C268701177AA06500BE2A54 /* icon_signout.png */,
				7C268702177AA06500BE2A54 /* icon_signout@2x.png */,
				7C8E3A59177B8CDC00455F95 /* icon_user_menu.png */,
				7C8E3A5A177B8CDC00455F95 /* icon_user_menu@2x.png */,
			);
			path = Menu;
			sourceTree = "<group>";
		};
		7C5F43AE1772632700350E2D /* FriendsItems */ = {
			isa = PBXGroup;
			children = (
				7C5F43AF1772636100350E2D /* FriendsItemsController.h */,
				7C5F43B01772636100350E2D /* FriendsItemsController.m */,
			);
			path = FriendsItems;
			sourceTree = "<group>";
		};
		7C5F43B2177267A000350E2D /* ItemCell */ = {
			isa = PBXGroup;
			children = (
				7C5F43B3177267D700350E2D /* ItemCell.h */,
				7C5F43B4177267D700350E2D /* ItemCell.m */,
			);
			path = ItemCell;
			sourceTree = "<group>";
		};
		7C5F43B6177268F400350E2D /* Item */ = {
			isa = PBXGroup;
			children = (
				7C5F43B71772691300350E2D /* Item.h */,
				7C5F43B81772691300350E2D /* Item.m */,
			);
			path = Item;
			sourceTree = "<group>";
		};
		7C5F43BA1772691600350E2D /* User */ = {
			isa = PBXGroup;
			children = (
				7C5F43BB1772692B00350E2D /* User.h */,
				7C5F43BC1772692C00350E2D /* User.m */,
			);
			path = User;
			sourceTree = "<group>";
		};
		7C5F43C21773D71300350E2D /* DibsClient */ = {
			isa = PBXGroup;
			children = (
				7C5F43C31773D71300350E2D /* DibsClient.h */,
				7C5F43C41773D71300350E2D /* DibsClient.m */,
			);
			path = DibsClient;
			sourceTree = "<group>";
		};
		7C621B591770F42D007ADEA2 /* Fonts */ = {
			isa = PBXGroup;
			children = (
				7C621B5E1770F493007ADEA2 /* Amaranth-Bold.ttf */,
				7C621B5F1770F493007ADEA2 /* Amaranth-Regular.ttf */,
			);
			path = Fonts;
			sourceTree = "<group>";
		};
		7C9024BD1774B1CA00179819 /* TabBar */ = {
			isa = PBXGroup;
			children = (
				7C9024BE1774B24600179819 /* icon_buy.png */,
				7C9024BF1774B24600179819 /* icon_buy@2x.png */,
				7C9024C01774B24600179819 /* icon_buy_highlighted.png */,
				7C9024C11774B24600179819 /* icon_buy_highlighted@2x.png */,
				7C9024C21774B24600179819 /* icon_sell.png */,
				7C9024C31774B24600179819 /* icon_sell@2x.png */,
				7C9024C41774B24600179819 /* icon_sell_highlighted.png */,
				7C9024C51774B24600179819 /* icon_sell_highlighted@2x.png */,
			);
			path = TabBar;
			sourceTree = "<group>";
		};
		7C98658E177E357200BCE2B0 /* Content */ = {
			isa = PBXGroup;
			children = (
				7C98658F177E35EC00BCE2B0 /* ContentController.h */,
				7C986590177E35EC00BCE2B0 /* ContentController.m */,
			);
			path = Content;
			sourceTree = "<group>";
		};
		7CD0809C177CCBDC007D1F30 /* Items */ = {
			isa = PBXGroup;
			children = (
				7CD0809D177CCC01007D1F30 /* ItemsController.h */,
				7CD0809E177CCC01007D1F30 /* ItemsController.m */,
			);
			path = Items;
			sourceTree = "<group>";
		};
		7CD080A0177DF3EC007D1F30 /* Container */ = {
			isa = PBXGroup;
			children = (
				7CD080A1177DF421007D1F30 /* ContainerController.h */,
				7CD080A2177DF421007D1F30 /* ContainerController.m */,
			);
			path = Container;
			sourceTree = "<group>";
		};
		D755E95A175F886400A23FDE /* UserDataStore */ = {
			isa = PBXGroup;
			children = (
				D755E95B175F886400A23FDE /* UserDataStore.h */,
				D755E95C175F886400A23FDE /* UserDataStore.m */,
			);
			path = UserDataStore;
			sourceTree = "<group>";
		};
		D755E95E175FA67600A23FDE /* TabBar */ = {
			isa = PBXGroup;
			children = (
				D755E95F175FA6CA00A23FDE /* TabBarController.h */,
				D755E960175FA6CA00A23FDE /* TabBarController.m */,
			);
			path = TabBar;
			sourceTree = "<group>";
		};
		D7C4C297175E15DE007B65F7 = {
			isa = PBXGroup;
			children = (
				D7C4C2C0175E184C007B65F7 /* Application */,
				D7C4C2C9175E184C007B65F7 /* Assets */,
				7C0EE617177A8A3100D2B347 /* External */,
				D7C4C2A2175E15DE007B65F7 /* Frameworks */,
				D7C4C2A1175E15DE007B65F7 /* Products */,
				D7C4C2D9175E18EA007B65F7 /* Support */,
			);
			sourceTree = "<group>";
		};
		D7C4C2A1175E15DE007B65F7 /* Products */ = {
			isa = PBXGroup;
			children = (
				D7C4C2A0175E15DE007B65F7 /* Dibs.app */,
			);
			name = Products;
			sourceTree = "<group>";
		};
		D7C4C2A2175E15DE007B65F7 /* Frameworks */ = {
			isa = PBXGroup;
			children = (
				D7C4C2A7175E15DE007B65F7 /* CoreGraphics.framework */,
				D7C4C2A5175E15DE007B65F7 /* Foundation.framework */,
				DEF3DA454DF944E59ED06C27 /* libPods.a */,
				7C5F43C81773D83E00350E2D /* MobileCoreServices.framework */,
				D7C4C2EF175E544E007B65F7 /* PXEngine.framework */,
				D7CDA6E71760C52D000D280A /* QuartzCore.framework */,
				7C5F43C61773D7CD00350E2D /* SystemConfiguration.framework */,
				D7C4C2A3175E15DE007B65F7 /* UIKit.framework */,
			);
			name = Frameworks;
			sourceTree = "<group>";
		};
		D7C4C2C0175E184C007B65F7 /* Application */ = {
			isa = PBXGroup;
			children = (
				D7C4C2C1175E184C007B65F7 /* Base */,
				D7C4C2C5175E184C007B65F7 /* Controllers */,
				D7C4C2C6175E184C007B65F7 /* Models */,
				D7C4C2F8175E5B30007B65F7 /* Styles */,
				D7C4C2C7175E184C007B65F7 /* Utility */,
				D7C4C2C8175E184C007B65F7 /* Views */,
			);
			path = Application;
			sourceTree = "<group>";
		};
		D7C4C2C1175E184C007B65F7 /* Base */ = {
			isa = PBXGroup;
			children = (
				D7C4C2C2175E184C007B65F7 /* AppDelegate.h */,
				D7C4C2C3175E184C007B65F7 /* AppDelegate.m */,
				D7C4C2C4175E184C007B65F7 /* main.m */,
			);
			path = Base;
			sourceTree = "<group>";
		};
		D7C4C2C5175E184C007B65F7 /* Controllers */ = {
			isa = PBXGroup;
			children = (
				7CD080A0177DF3EC007D1F30 /* Container */,
				7C98658E177E357200BCE2B0 /* Content */,
				7C5F43AE1772632700350E2D /* FriendsItems */,
				7CD0809C177CCBDC007D1F30 /* Items */,
				D7C4C2E2175E2EB2007B65F7 /* Launch */,
				7C0EE624177A9A3700D2B347 /* Menu */,
				7C0EE60A177A482200D2B347 /* MyItems */,
				D755E95E175FA67600A23FDE /* TabBar */,
			);
			path = Controllers;
			sourceTree = "<group>";
		};
		D7C4C2C6175E184C007B65F7 /* Models */ = {
			isa = PBXGroup;
			children = (
				7C5F43B6177268F400350E2D /* Item */,
				7C5F43BA1772691600350E2D /* User */,
			);
			path = Models;
			sourceTree = "<group>";
		};
		D7C4C2C7175E184C007B65F7 /* Utility */ = {
			isa = PBXGroup;
			children = (
				7C5F43C21773D71300350E2D /* DibsClient */,
				D7C4C2F1175E5550007B65F7 /* Categories */,
				D7C4C2F2175E560F007B65F7 /* Environment */,
				D7CDA6E5175FC7C7000D280A /* Protocols */,
				D755E95A175F886400A23FDE /* UserDataStore */,
			);
			path = Utility;
			sourceTree = "<group>";
		};
		D7C4C2C8175E184C007B65F7 /* Views */ = {
			isa = PBXGroup;
			children = (
				7C5F43B2177267A000350E2D /* ItemCell */,
				D7CDA6F2176222B9000D280A /* Launch */,
				D7CDA6E1175FC6EA000D280A /* TabView */,
				7C0EE60E177A51F000D2B347 /* TitleBar */,
			);
			path = Views;
			sourceTree = "<group>";
		};
		D7C4C2C9175E184C007B65F7 /* Assets */ = {
			isa = PBXGroup;
			children = (
				D7C4C2CA175E184C007B65F7 /* App */,
				7C621B591770F42D007ADEA2 /* Fonts */,
				D7CDA6E9176221EC000D280A /* Launch */,
				D7C4C2D0175E184C007B65F7 /* Localizations */,
				7C268700177AA02700BE2A54 /* Menu */,
				7C9024BD1774B1CA00179819 /* TabBar */,
				7C0EE612177A566100D2B347 /* TitleBar */,
			);
			path = Assets;
			sourceTree = "<group>";
		};
		D7C4C2CA175E184C007B65F7 /* App */ = {
			isa = PBXGroup;
			children = (
				D7C4C2CB175E184C007B65F7 /* Icon */,
				D7C4C2CC175E184C007B65F7 /* Launch */,
			);
			path = App;
			sourceTree = "<group>";
		};
		D7C4C2CB175E184C007B65F7 /* Icon */ = {
			isa = PBXGroup;
			children = (
				7C5F43AA177258FD00350E2D /* iphone_icon.png */,
				7C5F43AC1772590200350E2D /* iphone_icon@2x.png */,
			);
			path = Icon;
			sourceTree = "<group>";
		};
		D7C4C2CC175E184C007B65F7 /* Launch */ = {
			isa = PBXGroup;
			children = (
				D7C4C2CD175E184C007B65F7 /* Default-568h@2x.png */,
				D7C4C2CE175E184C007B65F7 /* Default.png */,
				D7C4C2CF175E184C007B65F7 /* Default@2x.png */,
			);
			path = Launch;
			sourceTree = "<group>";
		};
		D7C4C2D0175E184C007B65F7 /* Localizations */ = {
			isa = PBXGroup;
			children = (
				D7C4C2D1175E184C007B65F7 /* InfoPlist.strings */,
				D7C4C2E3175E2FEC007B65F7 /* Localizable.strings */,
			);
			path = Localizations;
			sourceTree = "<group>";
		};
		D7C4C2D9175E18EA007B65F7 /* Support */ = {
			isa = PBXGroup;
			children = (
				78E2A6D81FFC403CAAA0A994 /* Pods.xcconfig */,
				D7C4C2F6175E59E6007B65F7 /* Environments.plist */,
				D7C4C2FD175E607E007B65F7 /* NotificationKonstants.h */,
				D7C4C2DA175E18EA007B65F7 /* Targets */,
			);
			path = Support;
			sourceTree = "<group>";
		};
		D7C4C2DA175E18EA007B65F7 /* Targets */ = {
			isa = PBXGroup;
			children = (
				D7C4C2DB175E18EA007B65F7 /* Main */,
			);
			path = Targets;
			sourceTree = "<group>";
		};
		D7C4C2DB175E18EA007B65F7 /* Main */ = {
			isa = PBXGroup;
			children = (
				D7C4C2DC175E18EA007B65F7 /* Dibs-Info.plist */,
				D7C4C2DD175E18EA007B65F7 /* Dibs-Prefix.pch */,
			);
			path = Main;
			sourceTree = "<group>";
		};
		D7C4C2E2175E2EB2007B65F7 /* Launch */ = {
			isa = PBXGroup;
			children = (
				D7C4C2DF175E2EAE007B65F7 /* LaunchController.h */,
				D7C4C2E0175E2EAE007B65F7 /* LaunchController.m */,
			);
			path = Launch;
			sourceTree = "<group>";
		};
		D7C4C2F1175E5550007B65F7 /* Categories */ = {
			isa = PBXGroup;
			children = (
				D7C4C2E5175E31CD007B65F7 /* UIView+Constraints.h */,
				D7C4C2E6175E31CD007B65F7 /* UIView+Constraints.m */,
			);
			path = Categories;
			sourceTree = "<group>";
		};
		D7C4C2F2175E560F007B65F7 /* Environment */ = {
			isa = PBXGroup;
			children = (
				D7C4C2F3175E560F007B65F7 /* Environment.h */,
				D7C4C2F4175E560F007B65F7 /* Environment.m */,
			);
			path = Environment;
			sourceTree = "<group>";
		};
		D7C4C2F8175E5B30007B65F7 /* Styles */ = {
			isa = PBXGroup;
			children = (
				D7C4C2F9175E5B78007B65F7 /* default.css */,
			);
			path = Styles;
			sourceTree = "<group>";
		};
		D7CDA6E1175FC6EA000D280A /* TabView */ = {
			isa = PBXGroup;
			children = (
				D7CDA6E2175FC6EA000D280A /* TabView.h */,
				D7CDA6E3175FC6EA000D280A /* TabView.m */,
				7C9024CE1774C57F00179819 /* TabButton.h */,
				7C9024CF1774C57F00179819 /* TabButton.m */,
			);
			path = TabView;
			sourceTree = "<group>";
		};
		D7CDA6E5175FC7C7000D280A /* Protocols */ = {
			isa = PBXGroup;
			children = (
				D7CDA6E6175FC7C7000D280A /* TabViewDelegate.h */,
			);
			path = Protocols;
			sourceTree = "<group>";
		};
		D7CDA6E9176221EC000D280A /* Launch */ = {
			isa = PBXGroup;
			children = (
				D7CDA6EA17622284000D280A /* icon_f.png */,
				D7CDA6EB17622284000D280A /* icon_f@2x.png */,
				D7CDA6EC17622284000D280A /* logo_full.png */,
				D7CDA6ED17622284000D280A /* logo_full@2x.png */,
			);
			name = Launch;
			sourceTree = "<group>";
		};
		D7CDA6F2176222B9000D280A /* Launch */ = {
			isa = PBXGroup;
			children = (
				D7CDA6F3176222EA000D280A /* LaunchView.h */,
				D7CDA6F4176222EA000D280A /* LaunchView.m */,
			);
			path = Launch;
			sourceTree = "<group>";
		};
/* End PBXGroup section */

/* Begin PBXNativeTarget section */
		D7C4C29F175E15DE007B65F7 /* Dibs */ = {
			isa = PBXNativeTarget;
			buildConfigurationList = D7C4C2BD175E15DE007B65F7 /* Build configuration list for PBXNativeTarget "Dibs" */;
			buildPhases = (
				AF918CFC76234D4FBAE52EFD /* Check Pods Manifest.lock */,
				D7C4C29C175E15DE007B65F7 /* Sources */,
				D7C4C29D175E15DE007B65F7 /* Frameworks */,
				D7C4C29E175E15DE007B65F7 /* Resources */,
				03BCF44E0606488CBE78C2FB /* Copy Pods Resources */,
			);
			buildRules = (
			);
			dependencies = (
			);
			name = Dibs;
			productName = Dibs;
			productReference = D7C4C2A0175E15DE007B65F7 /* Dibs.app */;
			productType = "com.apple.product-type.application";
		};
/* End PBXNativeTarget section */

/* Begin PBXProject section */
		D7C4C298175E15DE007B65F7 /* Project object */ = {
			isa = PBXProject;
			attributes = {
				LastUpgradeCheck = 0460;
				ORGANIZATIONNAME = "Hashrocket Developer";
			};
			buildConfigurationList = D7C4C29B175E15DE007B65F7 /* Build configuration list for PBXProject "Dibs" */;
			compatibilityVersion = "Xcode 3.2";
			developmentRegion = English;
			hasScannedForEncodings = 0;
			knownRegions = (
				en,
			);
			mainGroup = D7C4C297175E15DE007B65F7;
			productRefGroup = D7C4C2A1175E15DE007B65F7 /* Products */;
			projectDirPath = "";
			projectRoot = "";
			targets = (
				D7C4C29F175E15DE007B65F7 /* Dibs */,
			);
		};
/* End PBXProject section */

/* Begin PBXResourcesBuildPhase section */
		D7C4C29E175E15DE007B65F7 /* Resources */ = {
			isa = PBXResourcesBuildPhase;
			buildActionMask = 2147483647;
			files = (
				D7C4C2D5175E184C007B65F7 /* Default-568h@2x.png in Resources */,
				D7C4C2D6175E184C007B65F7 /* Default.png in Resources */,
				D7C4C2D7175E184C007B65F7 /* Default@2x.png in Resources */,
				D7C4C2D8175E184C007B65F7 /* InfoPlist.strings in Resources */,
				D7C4C2E4175E2FEC007B65F7 /* Localizable.strings in Resources */,
				D7C4C2F7175E59E6007B65F7 /* Environments.plist in Resources */,
				D7C4C2FA175E5B78007B65F7 /* default.css in Resources */,
				D7CDA6EE17622284000D280A /* icon_f.png in Resources */,
				D7CDA6EF17622284000D280A /* icon_f@2x.png in Resources */,
				D7CDA6F017622284000D280A /* logo_full.png in Resources */,
				D7CDA6F117622284000D280A /* logo_full@2x.png in Resources */,
				7C621B601770F493007ADEA2 /* Amaranth-Bold.ttf in Resources */,
				7C621B611770F493007ADEA2 /* Amaranth-Regular.ttf in Resources */,
				7C5F43AB177258FD00350E2D /* iphone_icon.png in Resources */,
				7C5F43AD1772590200350E2D /* iphone_icon@2x.png in Resources */,
				7C9024C61774B24600179819 /* icon_buy.png in Resources */,
				7C9024C71774B24600179819 /* icon_buy@2x.png in Resources */,
				7C9024C81774B24600179819 /* icon_buy_highlighted.png in Resources */,
				7C9024C91774B24600179819 /* icon_buy_highlighted@2x.png in Resources */,
				7C9024CA1774B24600179819 /* icon_sell.png in Resources */,
				7C9024CB1774B24600179819 /* icon_sell@2x.png in Resources */,
				7C9024CC1774B24600179819 /* icon_sell_highlighted.png in Resources */,
				7C9024CD1774B24600179819 /* icon_sell_highlighted@2x.png in Resources */,
				7C0EE615177A569900D2B347 /* titlebar_logo.png in Resources */,
				7C0EE616177A569900D2B347 /* titlebar_logo@2x.png in Resources */,
				7C0EE61E177A8E8900D2B347 /* icon_menu.png in Resources */,
				7C0EE61F177A8E8900D2B347 /* icon_menu@2x.png in Resources */,
				7C0EE622177A8ECB00D2B347 /* icon_menu_highlighted.png in Resources */,
				7C0EE623177A8ECB00D2B347 /* icon_menu_highlighted@2x.png in Resources */,
				7C268703177AA06500BE2A54 /* icon_signout.png in Resources */,
				7C268704177AA06500BE2A54 /* icon_signout@2x.png in Resources */,
				7C8E3A5B177B8CDC00455F95 /* icon_user_menu.png in Resources */,
				7C8E3A5C177B8CDC00455F95 /* icon_user_menu@2x.png in Resources */,
			);
			runOnlyForDeploymentPostprocessing = 0;
		};
/* End PBXResourcesBuildPhase section */

/* Begin PBXShellScriptBuildPhase section */
		03BCF44E0606488CBE78C2FB /* Copy Pods Resources */ = {
			isa = PBXShellScriptBuildPhase;
			buildActionMask = 2147483647;
			files = (
			);
			inputPaths = (
			);
			name = "Copy Pods Resources";
			outputPaths = (
			);
			runOnlyForDeploymentPostprocessing = 0;
			shellPath = /bin/sh;
			shellScript = "\"${SRCROOT}/Pods/Pods-resources.sh\"\n";
		};
		AF918CFC76234D4FBAE52EFD /* Check Pods Manifest.lock */ = {
			isa = PBXShellScriptBuildPhase;
			buildActionMask = 2147483647;
			files = (
			);
			inputPaths = (
			);
			name = "Check Pods Manifest.lock";
			outputPaths = (
			);
			runOnlyForDeploymentPostprocessing = 0;
			shellPath = /bin/sh;
			shellScript = "diff \"${PODS_ROOT}/../Podfile.lock\" \"${PODS_ROOT}/Manifest.lock\" > /dev/null\nif [[ $? != 0 ]] ; then\n    cat << EOM\nerror: The sandbox is not in sync with the Podfile.lock. Run 'pod install' or update your CocoaPods installation.\nEOM\n    exit 1\nfi\n";
		};
/* End PBXShellScriptBuildPhase section */

/* Begin PBXSourcesBuildPhase section */
		D7C4C29C175E15DE007B65F7 /* Sources */ = {
			isa = PBXSourcesBuildPhase;
			buildActionMask = 2147483647;
			files = (
				D7C4C2D3175E184C007B65F7 /* AppDelegate.m in Sources */,
				D7C4C2D4175E184C007B65F7 /* main.m in Sources */,
				D7C4C2E1175E2EAE007B65F7 /* LaunchController.m in Sources */,
				D7C4C2E7175E31CD007B65F7 /* UIView+Constraints.m in Sources */,
				D7C4C2F5175E560F007B65F7 /* Environment.m in Sources */,
				D755E95D175F886400A23FDE /* UserDataStore.m in Sources */,
				D755E961175FA6CA00A23FDE /* TabBarController.m in Sources */,
				D7CDA6E4175FC6EA000D280A /* TabView.m in Sources */,
				D7CDA6F5176222EA000D280A /* LaunchView.m in Sources */,
				7C5F43B11772636100350E2D /* FriendsItemsController.m in Sources */,
				7C5F43B5177267D700350E2D /* ItemCell.m in Sources */,
				7C5F43B91772691300350E2D /* Item.m in Sources */,
				7C5F43BD1772692C00350E2D /* User.m in Sources */,
				7C5F43C51773D71300350E2D /* DibsClient.m in Sources */,
				7C9024D01774C57F00179819 /* TabButton.m in Sources */,
				7C0EE60D177A48AE00D2B347 /* MyItemsController.m in Sources */,
				7C0EE611177A521D00D2B347 /* TitleBarView.m in Sources */,
				7C0EE61B177A8B2400D2B347 /* NVSlideMenuController.m in Sources */,
				7C0EE627177A9B0000D2B347 /* MenuController.m in Sources */,
				7CD0809F177CCC01007D1F30 /* ItemsController.m in Sources */,
				7CD080A3177DF421007D1F30 /* ContainerController.m in Sources */,
				7C986591177E35EC00BCE2B0 /* ContentController.m in Sources */,
			);
			runOnlyForDeploymentPostprocessing = 0;
		};
/* End PBXSourcesBuildPhase section */

/* Begin PBXVariantGroup section */
		D7C4C2D1175E184C007B65F7 /* InfoPlist.strings */ = {
			isa = PBXVariantGroup;
			children = (
				D7C4C2D2175E184C007B65F7 /* en */,
			);
			name = InfoPlist.strings;
			sourceTree = "<group>";
		};
/* End PBXVariantGroup section */

/* Begin XCBuildConfiguration section */
		D7C4C2BB175E15DE007B65F7 /* staging */ = {
			isa = XCBuildConfiguration;
			buildSettings = {
				ALWAYS_SEARCH_USER_PATHS = NO;
				CLANG_CXX_LANGUAGE_STANDARD = "gnu++0x";
				CLANG_CXX_LIBRARY = "libc++";
				CLANG_ENABLE_OBJC_ARC = YES;
				CLANG_WARN_CONSTANT_CONVERSION = YES;
				CLANG_WARN_EMPTY_BODY = YES;
				CLANG_WARN_ENUM_CONVERSION = YES;
				CLANG_WARN_INT_CONVERSION = YES;
				CLANG_WARN__DUPLICATE_METHOD_MATCH = YES;
				CODE_SIGN_IDENTITY = "iPhone Distribution: HASHROCKET, INC.";
				"CODE_SIGN_IDENTITY[sdk=iphoneos*]" = "iPhone Distribution";
				COPY_PHASE_STRIP = NO;
				GCC_C_LANGUAGE_STANDARD = gnu99;
				GCC_DYNAMIC_NO_PIC = NO;
				GCC_OPTIMIZATION_LEVEL = 0;
				GCC_PREPROCESSOR_DEFINITIONS = (
					"DEBUG=1",
					"$(inherited)",
				);
				GCC_SYMBOLS_PRIVATE_EXTERN = NO;
				GCC_WARN_ABOUT_RETURN_TYPE = YES;
				GCC_WARN_UNINITIALIZED_AUTOS = YES;
				GCC_WARN_UNUSED_VARIABLE = YES;
				IPHONEOS_DEPLOYMENT_TARGET = 6.1;
				ONLY_ACTIVE_ARCH = YES;
				PROVISIONING_PROFILE = "377B5042-EF57-4037-A16C-8C278AAF3826";
				"PROVISIONING_PROFILE[sdk=iphoneos*]" = "";
				SDKROOT = iphoneos;
			};
			name = staging;
		};
		D7C4C2BC175E15DE007B65F7 /* production */ = {
			isa = XCBuildConfiguration;
			buildSettings = {
				ALWAYS_SEARCH_USER_PATHS = NO;
				CLANG_CXX_LANGUAGE_STANDARD = "gnu++0x";
				CLANG_CXX_LIBRARY = "libc++";
				CLANG_ENABLE_OBJC_ARC = YES;
				CLANG_WARN_CONSTANT_CONVERSION = YES;
				CLANG_WARN_EMPTY_BODY = YES;
				CLANG_WARN_ENUM_CONVERSION = YES;
				CLANG_WARN_INT_CONVERSION = YES;
				CLANG_WARN__DUPLICATE_METHOD_MATCH = YES;
				CODE_SIGN_IDENTITY = "iPhone Distribution: HASHROCKET, INC.";
				"CODE_SIGN_IDENTITY[sdk=iphoneos*]" = "iPhone Distribution";
				COPY_PHASE_STRIP = YES;
				GCC_C_LANGUAGE_STANDARD = gnu99;
				GCC_WARN_ABOUT_RETURN_TYPE = YES;
				GCC_WARN_UNINITIALIZED_AUTOS = YES;
				GCC_WARN_UNUSED_VARIABLE = YES;
				IPHONEOS_DEPLOYMENT_TARGET = 6.1;
				OTHER_CFLAGS = "-DNS_BLOCK_ASSERTIONS=1";
				PROVISIONING_PROFILE = "377B5042-EF57-4037-A16C-8C278AAF3826";
				"PROVISIONING_PROFILE[sdk=iphoneos*]" = "";
				SDKROOT = iphoneos;
				VALIDATE_PRODUCT = YES;
			};
			name = production;
		};
		D7C4C2BE175E15DE007B65F7 /* staging */ = {
			isa = XCBuildConfiguration;
			baseConfigurationReference = 78E2A6D81FFC403CAAA0A994 /* Pods.xcconfig */;
			buildSettings = {
				FRAMEWORK_SEARCH_PATHS = (
					"$(inherited)",
					"\"$(SRCROOT)\"",
				);
				GCC_PRECOMPILE_PREFIX_HEADER = YES;
				GCC_PREFIX_HEADER = "Support/Targets/Main/Dibs-Prefix.pch";
				INFOPLIST_FILE = "Support/Targets/Main/Dibs-Info.plist";
				PRODUCT_NAME = "$(TARGET_NAME)";
				WRAPPER_EXTENSION = app;
			};
			name = staging;
		};
		D7C4C2BF175E15DE007B65F7 /* production */ = {
			isa = XCBuildConfiguration;
			baseConfigurationReference = 78E2A6D81FFC403CAAA0A994 /* Pods.xcconfig */;
			buildSettings = {
				FRAMEWORK_SEARCH_PATHS = (
					"$(inherited)",
					"\"$(SRCROOT)\"",
				);
				GCC_PRECOMPILE_PREFIX_HEADER = YES;
				GCC_PREFIX_HEADER = "Support/Targets/Main/Dibs-Prefix.pch";
				INFOPLIST_FILE = "Support/Targets/Main/Dibs-Info.plist";
				PRODUCT_NAME = "$(TARGET_NAME)";
				WRAPPER_EXTENSION = app;
			};
			name = production;
		};
		D7C4C2FB175E5C8D007B65F7 /* local */ = {
			isa = XCBuildConfiguration;
			buildSettings = {
				ALWAYS_SEARCH_USER_PATHS = NO;
				CLANG_CXX_LANGUAGE_STANDARD = "gnu++0x";
				CLANG_CXX_LIBRARY = "libc++";
				CLANG_ENABLE_OBJC_ARC = YES;
				CLANG_WARN_CONSTANT_CONVERSION = YES;
				CLANG_WARN_EMPTY_BODY = YES;
				CLANG_WARN_ENUM_CONVERSION = YES;
				CLANG_WARN_INT_CONVERSION = YES;
				CLANG_WARN__DUPLICATE_METHOD_MATCH = YES;
				"CODE_SIGN_IDENTITY[sdk=iphoneos*]" = "iPhone Distribution";
				COPY_PHASE_STRIP = NO;
				GCC_C_LANGUAGE_STANDARD = gnu99;
				GCC_DYNAMIC_NO_PIC = NO;
				GCC_OPTIMIZATION_LEVEL = 0;
				GCC_PREPROCESSOR_DEFINITIONS = (
					"DEBUG=1",
					"$(inherited)",
				);
				GCC_SYMBOLS_PRIVATE_EXTERN = NO;
				GCC_WARN_ABOUT_RETURN_TYPE = YES;
				GCC_WARN_UNINITIALIZED_AUTOS = YES;
				GCC_WARN_UNUSED_VARIABLE = YES;
				IPHONEOS_DEPLOYMENT_TARGET = 6.1;
				ONLY_ACTIVE_ARCH = YES;
				"PROVISIONING_PROFILE[sdk=iphoneos*]" = "";
				SDKROOT = iphoneos;
			};
			name = local;
		};
		D7C4C2FC175E5C8D007B65F7 /* local */ = {
			isa = XCBuildConfiguration;
			baseConfigurationReference = 78E2A6D81FFC403CAAA0A994 /* Pods.xcconfig */;
			buildSettings = {
				FRAMEWORK_SEARCH_PATHS = (
					"$(inherited)",
					"\"$(SRCROOT)\"",
				);
				GCC_PRECOMPILE_PREFIX_HEADER = YES;
				GCC_PREFIX_HEADER = "Support/Targets/Main/Dibs-Prefix.pch";
				INFOPLIST_FILE = "Support/Targets/Main/Dibs-Info.plist";
				PRODUCT_NAME = "$(TARGET_NAME)";
				WRAPPER_EXTENSION = app;
			};
			name = local;
		};
/* End XCBuildConfiguration section */

/* Begin XCConfigurationList section */
		D7C4C29B175E15DE007B65F7 /* Build configuration list for PBXProject "Dibs" */ = {
			isa = XCConfigurationList;
			buildConfigurations = (
				D7C4C2BB175E15DE007B65F7 /* staging */,
				D7C4C2FB175E5C8D007B65F7 /* local */,
				D7C4C2BC175E15DE007B65F7 /* production */,
			);
			defaultConfigurationIsVisible = 0;
			defaultConfigurationName = production;
		};
		D7C4C2BD175E15DE007B65F7 /* Build configuration list for PBXNativeTarget "Dibs" */ = {
			isa = XCConfigurationList;
			buildConfigurations = (
				D7C4C2BE175E15DE007B65F7 /* staging */,
				D7C4C2FC175E5C8D007B65F7 /* local */,
				D7C4C2BF175E15DE007B65F7 /* production */,
			);
			defaultConfigurationIsVisible = 0;
			defaultConfigurationName = production;
		};
/* End XCConfigurationList section */
	};
	rootObject = D7C4C298175E15DE007B65F7 /* Project object */;
}
